
Microsoft Visual Studio Solution File, Format Version 12.00
# Visual Studio 15
VisualStudioVersion = 15.0.28307.329
MinimumVisualStudioVersion = 10.0.40219.1
Project("{9A19103F-16F7-4668-BE54-9A1E7A4F7556}") = "YourHome.API", "YourHome.API\YourHome.API.csproj", "{6DEA32DC-9830-4C64-959E-C07B6C7E8200}"
EndProject
Project("{FAE04EC0-301F-11D3-BF4B-00C04F79EFBC}") = "YourHome.Core", "YourHome.Core\YourHome.Core.csproj", "{BDC370AB-5F37-45B0-B0FD-1B46EEB93BA8}"
EndProject
Project("{FAE04EC0-301F-11D3-BF4B-00C04F79EFBC}") = "YourHome.Infrastructure", "YourHome.Infrastructure\YourHome.Infrastructure.csproj", "{11BA4049-E6CD-4969-862D-C34688D5C8F8}"
EndProject
Project("{FAE04EC0-301F-11D3-BF4B-00C04F79EFBC}") = "YourHome.UnitTests", "YourHome.UnitTests\YourHome.UnitTests.csproj", "{1722E6C0-7D0D-4FCB-B0B0-F23542D0B12B}"
EndProject
Global
	GlobalSection(SolutionConfigurationPlatforms) = preSolution
		Debug|Any CPU = Debug|Any CPU
		Release|Any CPU = Release|Any CPU
	EndGlobalSection
	GlobalSection(ProjectConfigurationPlatforms) = postSolution
		{6DEA32DC-9830-4C64-959E-C07B6C7E8200}.Debug|Any CPU.ActiveCfg = Debug|Any CPU
		{6DEA32DC-9830-4C64-959E-C07B6C7E8200}.Debug|Any CPU.Build.0 = Debug|Any CPU
		{6DEA32DC-9830-4C64-959E-C07B6C7E8200}.Release|Any CPU.ActiveCfg = Release|Any CPU
		{6DEA32DC-9830-4C64-959E-C07B6C7E8200}.Release|Any CPU.Build.0 = Release|Any CPU
		{BDC370AB-5F37-45B0-B0FD-1B46EEB93BA8}.Debug|Any CPU.ActiveCfg = Debug|Any CPU
		{BDC370AB-5F37-45B0-B0FD-1B46EEB93BA8}.Debug|Any CPU.Build.0 = Debug|Any CPU
		{BDC370AB-5F37-45B0-B0FD-1B46EEB93BA8}.Release|Any CPU.ActiveCfg = Release|Any CPU
		{BDC370AB-5F37-45B0-B0FD-1B46EEB93BA8}.Release|Any CPU.Build.0 = Release|Any CPU
		{11BA4049-E6CD-4969-862D-C34688D5C8F8}.Debug|Any CPU.ActiveCfg = Debug|Any CPU
		{11BA4049-E6CD-4969-862D-C34688D5C8F8}.Debug|Any CPU.Build.0 = Debug|Any CPU
		{11BA4049-E6CD-4969-862D-C34688D5C8F8}.Release|Any CPU.ActiveCfg = Release|Any CPU
		{11BA4049-E6CD-4969-862D-C34688D5C8F8}.Release|Any CPU.Build.0 = Release|Any CPU
		{1722E6C0-7D0D-4FCB-B0B0-F23542D0B12B}.Debug|Any CPU.ActiveCfg = Debug|Any CPU
		{1722E6C0-7D0D-4FCB-B0B0-F23542D0B12B}.Debug|Any CPU.Build.0 = Debug|Any CPU
		{1722E6C0-7D0D-4FCB-B0B0-F23542D0B12B}.Release|Any CPU.ActiveCfg = Release|Any CPU
		{1722E6C0-7D0D-4FCB-B0B0-F23542D0B12B}.Release|Any CPU.Build.0 = Release|Any CPU
	EndGlobalSection
	GlobalSection(SolutionProperties) = preSolution
		HideSolutionNode = FALSE
	EndGlobalSection
	GlobalSection(ExtensibilityGlobals) = postSolution
		SolutionGuid = {F5CAF92C-158B-4901-A337-E79E991075BC}
	EndGlobalSection
EndGlobal
